
Microsoft Visual Studio Solution File, Format Version 12.00
# Visual Studio Version 17
VisualStudioVersion = 17.9.34714.143
MinimumVisualStudioVersion = 10.0.40219.1
Project("{9A19103F-16F7-4668-BE54-9A1E7A4F7556}") = "moc_WinFormsAsync", "WinFormsAsync\moc_WinFormsAsync.csproj", "{B193DD07-1CA1-4424-84AE-C0AF5D37B99D}"
EndProject
Global
	GlobalSection(SolutionConfigurationPlatforms) = preSolution
		Debug|Any CPU = Debug|Any CPU
		Release|Any CPU = Release|Any CPU
	EndGlobalSection
	GlobalSection(ProjectConfigurationPlatforms) = postSolution
		{B193DD07-1CA1-4424-84AE-C0AF5D37B99D}.Debug|Any CPU.ActiveCfg = Debug|Any CPU
		{B193DD07-1CA1-4424-84AE-C0AF5D37B99D}.Debug|Any CPU.Build.0 = Debug|Any CPU
		{B193DD07-1CA1-4424-84AE-C0AF5D37B99D}.Release|Any CPU.ActiveCfg = Release|Any CPU
		{B193DD07-1CA1-4424-84AE-C0AF5D37B99D}.Release|Any CPU.Build.0 = Release|Any CPU
	EndGlobalSection
	GlobalSection(SolutionProperties) = preSolution
		HideSolutionNode = FALSE
	EndGlobalSection
	GlobalSection(ExtensibilityGlobals) = postSolution
		SolutionGuid = {6753056E-46E3-4A62-B9C4-732D75EE85F2}
	EndGlobalSection
EndGlobal
